
Microsoft Visual Studio Solution File, Format Version 12.00
# Visual Studio 14
VisualStudioVersion = 14.0.23107.0
MinimumVisualStudioVersion = 10.0.40219.1
Project("{FAE04EC0-301F-11D3-BF4B-00C04F79EFBC}") = "Ordenacao", "TorneioProgramcao\Ordenacao.csproj", "{17F4CF88-4374-450A-B2CA-8A7DC3D3421F}"
EndProject
Project("{FAE04EC0-301F-11D3-BF4B-00C04F79EFBC}") = "Fliper", "Fliper\Fliper.csproj", "{F621D39E-B007-43CF-8C41-60E797065D22}"
EndProject
Project("{FAE04EC0-301F-11D3-BF4B-00C04F79EFBC}") = "Loteria", "Loteria\Loteria.csproj", "{3B716216-0FB2-4F0D-A3D8-DEB3984A6157}"
EndProject
Global
	GlobalSection(SolutionConfigurationPlatforms) = preSolution
		Debug|Any CPU = Debug|Any CPU
		Release|Any CPU = Release|Any CPU
	EndGlobalSection
	GlobalSection(ProjectConfigurationPlatforms) = postSolution
		{17F4CF88-4374-450A-B2CA-8A7DC3D3421F}.Debug|Any CPU.ActiveCfg = Debug|Any CPU
		{17F4CF88-4374-450A-B2CA-8A7DC3D3421F}.Debug|Any CPU.Build.0 = Debug|Any CPU
		{17F4CF88-4374-450A-B2CA-8A7DC3D3421F}.Release|Any CPU.ActiveCfg = Release|Any CPU
		{17F4CF88-4374-450A-B2CA-8A7DC3D3421F}.Release|Any CPU.Build.0 = Release|Any CPU
		{F621D39E-B007-43CF-8C41-60E797065D22}.Debug|Any CPU.ActiveCfg = Debug|Any CPU
		{F621D39E-B007-43CF-8C41-60E797065D22}.Debug|Any CPU.Build.0 = Debug|Any CPU
		{F621D39E-B007-43CF-8C41-60E797065D22}.Release|Any CPU.ActiveCfg = Release|Any CPU
		{F621D39E-B007-43CF-8C41-60E797065D22}.Release|Any CPU.Build.0 = Release|Any CPU
		{3B716216-0FB2-4F0D-A3D8-DEB3984A6157}.Debug|Any CPU.ActiveCfg = Debug|Any CPU
		{3B716216-0FB2-4F0D-A3D8-DEB3984A6157}.Debug|Any CPU.Build.0 = Debug|Any CPU
		{3B716216-0FB2-4F0D-A3D8-DEB3984A6157}.Release|Any CPU.ActiveCfg = Release|Any CPU
		{3B716216-0FB2-4F0D-A3D8-DEB3984A6157}.Release|Any CPU.Build.0 = Release|Any CPU
	EndGlobalSection
	GlobalSection(SolutionProperties) = preSolution
		HideSolutionNode = FALSE
	EndGlobalSection
EndGlobal
